
Microsoft Visual Studio Solution File, Format Version 12.00
# Visual Studio Version 17
VisualStudioVersion = 17.2.32630.192
MinimumVisualStudioVersion = 10.0.40219.1
Project("{9A19103F-16F7-4668-BE54-9A1E7A4F7556}") = "CryptoOcean", "ASPPortfolioProject\CryptoOcean.csproj", "{51381289-3DED-4746-AF7B-5082C32760B5}"
EndProject
Global
	GlobalSection(SolutionConfigurationPlatforms) = preSolution
		Debug|Any CPU = Debug|Any CPU
		Release|Any CPU = Release|Any CPU
	EndGlobalSection
	GlobalSection(ProjectConfigurationPlatforms) = postSolution
		{51381289-3DED-4746-AF7B-5082C32760B5}.Debug|Any CPU.ActiveCfg = Debug|Any CPU
		{51381289-3DED-4746-AF7B-5082C32760B5}.Debug|Any CPU.Build.0 = Debug|Any CPU
		{51381289-3DED-4746-AF7B-5082C32760B5}.Release|Any CPU.ActiveCfg = Release|Any CPU
		{51381289-3DED-4746-AF7B-5082C32760B5}.Release|Any CPU.Build.0 = Release|Any CPU
	EndGlobalSection
	GlobalSection(SolutionProperties) = preSolution
		HideSolutionNode = FALSE
	EndGlobalSection
	GlobalSection(ExtensibilityGlobals) = postSolution
		SolutionGuid = {3E02F45A-4B20-495B-B981-03C701F871B7}
	EndGlobalSection
EndGlobal
